// !$*UTF8*$!
{
	archiveVersion = 1;
	classes = {
	};
	objectVersion = 55;
	objects = {

/* Begin PBXBuildFile section */
		14B8108E283E11F800952E37 /* SpeechRecognitionPermission.swift in Sources */ = {isa = PBXBuildFile; fileRef = 14B81080283E11F800952E37 /* SpeechRecognitionPermission.swift */; };
		14B8108F283E11F800952E37 /* MediaLibraryPermission.swift in Sources */ = {isa = PBXBuildFile; fileRef = 14B81081283E11F800952E37 /* MediaLibraryPermission.swift */; };
		14B81090283E11F800952E37 /* CameraPermission.swift in Sources */ = {isa = PBXBuildFile; fileRef = 14B81082283E11F800952E37 /* CameraPermission.swift */; };
		14B81091283E11F800952E37 /* CalenderRemainderPermission.swift in Sources */ = {isa = PBXBuildFile; fileRef = 14B81083283E11F800952E37 /* CalenderRemainderPermission.swift */; };
		14B81092283E11F800952E37 /* BluetoothPermission.swift in Sources */ = {isa = PBXBuildFile; fileRef = 14B81084283E11F800952E37 /* BluetoothPermission.swift */; };
		14B81093283E11F800952E37 /* NotificationPermission.swift in Sources */ = {isa = PBXBuildFile; fileRef = 14B81085283E11F800952E37 /* NotificationPermission.swift */; };
		14B81094283E11F800952E37 /* PermissionModel.swift in Sources */ = {isa = PBXBuildFile; fileRef = 14B81086283E11F800952E37 /* PermissionModel.swift */; };
		14B81095283E11F800952E37 /* LocationPermission.swift in Sources */ = {isa = PBXBuildFile; fileRef = 14B81087283E11F800952E37 /* LocationPermission.swift */; };
		14B81096283E11F800952E37 /* ContactsPermission.swift in Sources */ = {isa = PBXBuildFile; fileRef = 14B81088283E11F800952E37 /* ContactsPermission.swift */; };
		14B81097283E11F800952E37 /* PhotoLibraryPermission.swift in Sources */ = {isa = PBXBuildFile; fileRef = 14B81089283E11F800952E37 /* PhotoLibraryPermission.swift */; };
		14B81098283E11F800952E37 /* CalenderEventPermission.swift in Sources */ = {isa = PBXBuildFile; fileRef = 14B8108A283E11F800952E37 /* CalenderEventPermission.swift */; };
		14B81099283E11F800952E37 /* MicrophonePermission.swift in Sources */ = {isa = PBXBuildFile; fileRef = 14B8108B283E11F800952E37 /* MicrophonePermission.swift */; };
		14B8109A283E11F800952E37 /* PermissionProtocol.swift in Sources */ = {isa = PBXBuildFile; fileRef = 14B8108C283E11F800952E37 /* PermissionProtocol.swift */; };
		14B8109B283E11F800952E37 /* HealthPermisssion.swift in Sources */ = {isa = PBXBuildFile; fileRef = 14B8108D283E11F800952E37 /* HealthPermisssion.swift */; };
		14C7F3C3282911A100950DE0 /* CRPermissions.h in Headers */ = {isa = PBXBuildFile; fileRef = 14C7F3C2282911A100950DE0 /* CRPermissions.h */; settings = {ATTRIBUTES = (Public, ); }; };
/* End PBXBuildFile section */

/* Begin PBXFileReference section */
		14B81080283E11F800952E37 /* SpeechRecognitionPermission.swift */ = {isa = PBXFileReference; fileEncoding = 4; lastKnownFileType = sourcecode.swift; path = SpeechRecognitionPermission.swift; sourceTree = "<group>"; };
		14B81081283E11F800952E37 /* MediaLibraryPermission.swift */ = {isa = PBXFileReference; fileEncoding = 4; lastKnownFileType = sourcecode.swift; path = MediaLibraryPermission.swift; sourceTree = "<group>"; };
		14B81082283E11F800952E37 /* CameraPermission.swift */ = {isa = PBXFileReference; fileEncoding = 4; lastKnownFileType = sourcecode.swift; path = CameraPermission.swift; sourceTree = "<group>"; };
		14B81083283E11F800952E37 /* CalenderRemainderPermission.swift */ = {isa = PBXFileReference; fileEncoding = 4; lastKnownFileType = sourcecode.swift; path = CalenderRemainderPermission.swift; sourceTree = "<group>"; };
		14B81084283E11F800952E37 /* BluetoothPermission.swift */ = {isa = PBXFileReference; fileEncoding = 4; lastKnownFileType = sourcecode.swift; path = BluetoothPermission.swift; sourceTree = "<group>"; };
		14B81085283E11F800952E37 /* NotificationPermission.swift */ = {isa = PBXFileReference; fileEncoding = 4; lastKnownFileType = sourcecode.swift; path = NotificationPermission.swift; sourceTree = "<group>"; };
		14B81086283E11F800952E37 /* PermissionModel.swift */ = {isa = PBXFileReference; fileEncoding = 4; lastKnownFileType = sourcecode.swift; path = PermissionModel.swift; sourceTree = "<group>"; };
		14B81087283E11F800952E37 /* LocationPermission.swift */ = {isa = PBXFileReference; fileEncoding = 4; lastKnownFileType = sourcecode.swift; path = LocationPermission.swift; sourceTree = "<group>"; };
		14B81088283E11F800952E37 /* ContactsPermission.swift */ = {isa = PBXFileReference; fileEncoding = 4; lastKnownFileType = sourcecode.swift; path = ContactsPermission.swift; sourceTree = "<group>"; };
		14B81089283E11F800952E37 /* PhotoLibraryPermission.swift */ = {isa = PBXFileReference; fileEncoding = 4; lastKnownFileType = sourcecode.swift; path = PhotoLibraryPermission.swift; sourceTree = "<group>"; };
		14B8108A283E11F800952E37 /* CalenderEventPermission.swift */ = {isa = PBXFileReference; fileEncoding = 4; lastKnownFileType = sourcecode.swift; path = CalenderEventPermission.swift; sourceTree = "<group>"; };
		14B8108B283E11F800952E37 /* MicrophonePermission.swift */ = {isa = PBXFileReference; fileEncoding = 4; lastKnownFileType = sourcecode.swift; path = MicrophonePermission.swift; sourceTree = "<group>"; };
		14B8108C283E11F800952E37 /* PermissionProtocol.swift */ = {isa = PBXFileReference; fileEncoding = 4; lastKnownFileType = sourcecode.swift; path = PermissionProtocol.swift; sourceTree = "<group>"; };
		14B8108D283E11F800952E37 /* HealthPermisssion.swift */ = {isa = PBXFileReference; fileEncoding = 4; lastKnownFileType = sourcecode.swift; path = HealthPermisssion.swift; sourceTree = "<group>"; };
		14C7F3BF282911A100950DE0 /* CRPermissions.framework */ = {isa = PBXFileReference; explicitFileType = wrapper.framework; includeInIndex = 0; path = CRPermissions.framework; sourceTree = BUILT_PRODUCTS_DIR; };
		14C7F3C2282911A100950DE0 /* CRPermissions.h */ = {isa = PBXFileReference; lastKnownFileType = sourcecode.c.h; path = CRPermissions.h; sourceTree = "<group>"; };
/* End PBXFileReference section */

/* Begin PBXFrameworksBuildPhase section */
		14C7F3BC282911A100950DE0 /* Frameworks */ = {
			isa = PBXFrameworksBuildPhase;
			buildActionMask = 2147483647;
			files = (
			);
			runOnlyForDeploymentPostprocessing = 0;
		};
/* End PBXFrameworksBuildPhase section */

/* Begin PBXGroup section */
		14C7F3B5282911A100950DE0 = {
			isa = PBXGroup;
			children = (
				14C7F3C1282911A100950DE0 /* CRPermissions */,
				14C7F3C0282911A100950DE0 /* Products */,
			);
			sourceTree = "<group>";
		};
		14C7F3C0282911A100950DE0 /* Products */ = {
			isa = PBXGroup;
			children = (
				14C7F3BF282911A100950DE0 /* CRPermissions.framework */,
			);
			name = Products;
			sourceTree = "<group>";
		};
		14C7F3C1282911A100950DE0 /* CRPermissions */ = {
			isa = PBXGroup;
			children = (
				14B81084283E11F800952E37 /* BluetoothPermission.swift */,
				14B8108A283E11F800952E37 /* CalenderEventPermission.swift */,
				14B81083283E11F800952E37 /* CalenderRemainderPermission.swift */,
				14B81082283E11F800952E37 /* CameraPermission.swift */,
				14B81088283E11F800952E37 /* ContactsPermission.swift */,
				14B8108D283E11F800952E37 /* HealthPermisssion.swift */,
				14B81087283E11F800952E37 /* LocationPermission.swift */,
				14B81081283E11F800952E37 /* MediaLibraryPermission.swift */,
				14B8108B283E11F800952E37 /* MicrophonePermission.swift */,
				14B81085283E11F800952E37 /* NotificationPermission.swift */,
				14B81086283E11F800952E37 /* PermissionModel.swift */,
				14B8108C283E11F800952E37 /* PermissionProtocol.swift */,
				14B81089283E11F800952E37 /* PhotoLibraryPermission.swift */,
				14B81080283E11F800952E37 /* SpeechRecognitionPermission.swift */,
				14C7F3C2282911A100950DE0 /* CRPermissions.h */,
			);
			path = CRPermissions;
			sourceTree = "<group>";
		};
/* End PBXGroup section */

/* Begin PBXHeadersBuildPhase section */
		14C7F3BA282911A100950DE0 /* Headers */ = {
			isa = PBXHeadersBuildPhase;
			buildActionMask = 2147483647;
			files = (
				14C7F3C3282911A100950DE0 /* CRPermissions.h in Headers */,
			);
			runOnlyForDeploymentPostprocessing = 0;
		};
/* End PBXHeadersBuildPhase section */

/* Begin PBXNativeTarget section */
		14C7F3BE282911A100950DE0 /* CRPermissions */ = {
			isa = PBXNativeTarget;
			buildConfigurationList = 14C7F3C6282911A100950DE0 /* Build configuration list for PBXNativeTarget "CRPermissions" */;
			buildPhases = (
				14C7F3BA282911A100950DE0 /* Headers */,
				14C7F3BB282911A100950DE0 /* Sources */,
				14C7F3BC282911A100950DE0 /* Frameworks */,
				14C7F3BD282911A100950DE0 /* Resources */,
			);
			buildRules = (
			);
			dependencies = (
			);
			name = CRPermissions;
			productName = CRPermissions;
			productReference = 14C7F3BF282911A100950DE0 /* CRPermissions.framework */;
			productType = "com.apple.product-type.framework";
		};
/* End PBXNativeTarget section */

/* Begin PBXProject section */
		14C7F3B6282911A100950DE0 /* Project object */ = {
			isa = PBXProject;
			attributes = {
				BuildIndependentTargetsInParallel = 1;
				LastUpgradeCheck = 1330;
				TargetAttributes = {
					14C7F3BE282911A100950DE0 = {
						CreatedOnToolsVersion = 13.3.1;
						LastSwiftMigration = 1340;
					};
				};
			};
			buildConfigurationList = 14C7F3B9282911A100950DE0 /* Build configuration list for PBXProject "CRPermissions" */;
			compatibilityVersion = "Xcode 13.0";
			developmentRegion = en;
			hasScannedForEncodings = 0;
			knownRegions = (
				en,
				Base,
			);
			mainGroup = 14C7F3B5282911A100950DE0;
			productRefGroup = 14C7F3C0282911A100950DE0 /* Products */;
			projectDirPath = "";
			projectRoot = "";
			targets = (
				14C7F3BE282911A100950DE0 /* CRPermissions */,
			);
		};
/* End PBXProject section */

/* Begin PBXResourcesBuildPhase section */
		14C7F3BD282911A100950DE0 /* Resources */ = {
			isa = PBXResourcesBuildPhase;
			buildActionMask = 2147483647;
			files = (
			);
			runOnlyForDeploymentPostprocessing = 0;
		};
/* End PBXResourcesBuildPhase section */

/* Begin PBXSourcesBuildPhase section */
		14C7F3BB282911A100950DE0 /* Sources */ = {
			isa = PBXSourcesBuildPhase;
			buildActionMask = 2147483647;
			files = (
				14B8109B283E11F800952E37 /* HealthPermisssion.swift in Sources */,
				14B8108E283E11F800952E37 /* SpeechRecognitionPermission.swift in Sources */,
				14B81090283E11F800952E37 /* CameraPermission.swift in Sources */,
				14B81094283E11F800952E37 /* PermissionModel.swift in Sources */,
				14B81097283E11F800952E37 /* PhotoLibraryPermission.swift in Sources */,
				14B81091283E11F800952E37 /* CalenderRemainderPermission.swift in Sources */,
				14B81098283E11F800952E37 /* CalenderEventPermission.swift in Sources */,
				14B81096283E11F800952E37 /* ContactsPermission.swift in Sources */,
				14B8108F283E11F800952E37 /* MediaLibraryPermission.swift in Sources */,
				14B81095283E11F800952E37 /* LocationPermission.swift in Sources */,
				14B8109A283E11F800952E37 /* PermissionProtocol.swift in Sources */,
				14B81092283E11F800952E37 /* BluetoothPermission.swift in Sources */,
				14B81099283E11F800952E37 /* MicrophonePermission.swift in Sources */,
				14B81093283E11F800952E37 /* NotificationPermission.swift in Sources */,
			);
			runOnlyForDeploymentPostprocessing = 0;
		};
/* End PBXSourcesBuildPhase section */

/* Begin XCBuildConfiguration section */
		14C7F3C4282911A100950DE0 /* Debug */ = {
			isa = XCBuildConfiguration;
			buildSettings = {
				ALWAYS_SEARCH_USER_PATHS = NO;
				CLANG_ANALYZER_NONNULL = YES;
				CLANG_ANALYZER_NUMBER_OBJECT_CONVERSION = YES_AGGRESSIVE;
				CLANG_CXX_LANGUAGE_STANDARD = "gnu++17";
				CLANG_ENABLE_MODULES = YES;
				CLANG_ENABLE_OBJC_ARC = YES;
				CLANG_ENABLE_OBJC_WEAK = YES;
				CLANG_WARN_BLOCK_CAPTURE_AUTORELEASING = YES;
				CLANG_WARN_BOOL_CONVERSION = YES;
				CLANG_WARN_COMMA = YES;
				CLANG_WARN_CONSTANT_CONVERSION = YES;
				CLANG_WARN_DEPRECATED_OBJC_IMPLEMENTATIONS = YES;
				CLANG_WARN_DIRECT_OBJC_ISA_USAGE = YES_ERROR;
				CLANG_WARN_DOCUMENTATION_COMMENTS = YES;
				CLANG_WARN_EMPTY_BODY = YES;
				CLANG_WARN_ENUM_CONVERSION = YES;
				CLANG_WARN_INFINITE_RECURSION = YES;
				CLANG_WARN_INT_CONVERSION = YES;
				CLANG_WARN_NON_LITERAL_NULL_CONVERSION = YES;
				CLANG_WARN_OBJC_IMPLICIT_RETAIN_SELF = YES;
				CLANG_WARN_OBJC_LITERAL_CONVERSION = YES;
				CLANG_WARN_OBJC_ROOT_CLASS = YES_ERROR;
				CLANG_WARN_QUOTED_INCLUDE_IN_FRAMEWORK_HEADER = YES;
				CLANG_WARN_RANGE_LOOP_ANALYSIS = YES;
				CLANG_WARN_STRICT_PROTOTYPES = YES;
				CLANG_WARN_SUSPICIOUS_MOVE = YES;
				CLANG_WARN_UNGUARDED_AVAILABILITY = YES_AGGRESSIVE;
				CLANG_WARN_UNREACHABLE_CODE = YES;
				CLANG_WARN__DUPLICATE_METHOD_MATCH = YES;
				COPY_PHASE_STRIP = NO;
				CURRENT_PROJECT_VERSION = 1;
				DEBUG_INFORMATION_FORMAT = dwarf;
				ENABLE_STRICT_OBJC_MSGSEND = YES;
				ENABLE_TESTABILITY = YES;
				GCC_C_LANGUAGE_STANDARD = gnu11;
				GCC_DYNAMIC_NO_PIC = NO;
				GCC_NO_COMMON_BLOCKS = YES;
				GCC_OPTIMIZATION_LEVEL = 0;
				GCC_PREPROCESSOR_DEFINITIONS = (
					"DEBUG=1",
					"$(inherited)",
				);
				GCC_WARN_64_TO_32_BIT_CONVERSION = YES;
				GCC_WARN_ABOUT_RETURN_TYPE = YES_ERROR;
				GCC_WARN_UNDECLARED_SELECTOR = YES;
				GCC_WARN_UNINITIALIZED_AUTOS = YES_AGGRESSIVE;
				GCC_WARN_UNUSED_FUNCTION = YES;
				GCC_WARN_UNUSED_VARIABLE = YES;
				IPHONEOS_DEPLOYMENT_TARGET = 14.0;
				MTL_ENABLE_DEBUG_INFO = INCLUDE_SOURCE;
				MTL_FAST_MATH = YES;
				ONLY_ACTIVE_ARCH = YES;
				SDKROOT = iphoneos;
				SWIFT_ACTIVE_COMPILATION_CONDITIONS = DEBUG;
				SWIFT_OPTIMIZATION_LEVEL = "-Onone";
				VERSIONING_SYSTEM = "apple-generic";
				VERSION_INFO_PREFIX = "";
			};
			name = Debug;
		};
		14C7F3C5282911A100950DE0 /* Release */ = {
			isa = XCBuildConfiguration;
			buildSettings = {
				ALWAYS_SEARCH_USER_PATHS = NO;
				CLANG_ANALYZER_NONNULL = YES;
				CLANG_ANALYZER_NUMBER_OBJECT_CONVERSION = YES_AGGRESSIVE;
				CLANG_CXX_LANGUAGE_STANDARD = "gnu++17";
				CLANG_ENABLE_MODULES = YES;
				CLANG_ENABLE_OBJC_ARC = YES;
				CLANG_ENABLE_OBJC_WEAK = YES;
				CLANG_WARN_BLOCK_CAPTURE_AUTORELEASING = YES;
				CLANG_WARN_BOOL_CONVERSION = YES;
				CLANG_WARN_COMMA = YES;
				CLANG_WARN_CONSTANT_CONVERSION = YES;
				CLANG_WARN_DEPRECATED_OBJC_IMPLEMENTATIONS = YES;
				CLANG_WARN_DIRECT_OBJC_ISA_USAGE = YES_ERROR;
				CLANG_WARN_DOCUMENTATION_COMMENTS = YES;
				CLANG_WARN_EMPTY_BODY = YES;
				CLANG_WARN_ENUM_CONVERSION = YES;
				CLANG_WARN_INFINITE_RECURSION = YES;
				CLANG_WARN_INT_CONVERSION = YES;
				CLANG_WARN_NON_LITERAL_NULL_CONVERSION = YES;
				CLANG_WARN_OBJC_IMPLICIT_RETAIN_SELF = YES;
				CLANG_WARN_OBJC_LITERAL_CONVERSION = YES;
				CLANG_WARN_OBJC_ROOT_CLASS = YES_ERROR;
				CLANG_WARN_QUOTED_INCLUDE_IN_FRAMEWORK_HEADER = YES;
				CLANG_WARN_RANGE_LOOP_ANALYSIS = YES;
				CLANG_WARN_STRICT_PROTOTYPES = YES;
				CLANG_WARN_SUSPICIOUS_MOVE = YES;
				CLANG_WARN_UNGUARDED_AVAILABILITY = YES_AGGRESSIVE;
				CLANG_WARN_UNREACHABLE_CODE = YES;
				CLANG_WARN__DUPLICATE_METHOD_MATCH = YES;
				COPY_PHASE_STRIP = NO;
				CURRENT_PROJECT_VERSION = 1;
				DEBUG_INFORMATION_FORMAT = "dwarf-with-dsym";
				ENABLE_NS_ASSERTIONS = NO;
				ENABLE_STRICT_OBJC_MSGSEND = YES;
				GCC_C_LANGUAGE_STANDARD = gnu11;
				GCC_NO_COMMON_BLOCKS = YES;
				GCC_WARN_64_TO_32_BIT_CONVERSION = YES;
				GCC_WARN_ABOUT_RETURN_TYPE = YES_ERROR;
				GCC_WARN_UNDECLARED_SELECTOR = YES;
				GCC_WARN_UNINITIALIZED_AUTOS = YES_AGGRESSIVE;
				GCC_WARN_UNUSED_FUNCTION = YES;
				GCC_WARN_UNUSED_VARIABLE = YES;
				IPHONEOS_DEPLOYMENT_TARGET = 14.0;
				MTL_ENABLE_DEBUG_INFO = NO;
				MTL_FAST_MATH = YES;
				SDKROOT = iphoneos;
				SWIFT_COMPILATION_MODE = wholemodule;
				SWIFT_OPTIMIZATION_LEVEL = "-O";
				VALIDATE_PRODUCT = YES;
				VERSIONING_SYSTEM = "apple-generic";
				VERSION_INFO_PREFIX = "";
			};
			name = Release;
		};
		14C7F3C7282911A100950DE0 /* Debug */ = {
			isa = XCBuildConfiguration;
			buildSettings = {
				BUILD_LIBRARY_FOR_DISTRIBUTION = YES;
				CLANG_ENABLE_MODULES = YES;
				CODE_SIGN_STYLE = Automatic;
				CURRENT_PROJECT_VERSION = 1;
				DEFINES_MODULE = YES;
				DYLIB_COMPATIBILITY_VERSION = 1;
				DYLIB_CURRENT_VERSION = 1;
				DYLIB_INSTALL_NAME_BASE = "@rpath";
				GENERATE_INFOPLIST_FILE = YES;
				INFOPLIST_KEY_NSHumanReadableCopyright = "";
				INSTALL_PATH = "$(LOCAL_LIBRARY_DIR)/Frameworks";
				IPHONEOS_DEPLOYMENT_TARGET = 14.0;
				LD_RUNPATH_SEARCH_PATHS = (
					"$(inherited)",
					"@executable_path/Frameworks",
					"@loader_path/Frameworks",
				);
				MARKETING_VERSION = 1.0;
				PRODUCT_BUNDLE_IDENTIFIER = com.app.CRPermissions;
				PRODUCT_NAME = "$(TARGET_NAME:c99extidentifier)";
				SKIP_INSTALL = YES;
				SWIFT_EMIT_LOC_STRINGS = YES;
				SWIFT_OPTIMIZATION_LEVEL = "-Onone";
				SWIFT_VERSION = 5.0;
				TARGETED_DEVICE_FAMILY = "1,2";
			};
			name = Debug;
		};
		14C7F3C8282911A100950DE0 /* Release */ = {
			isa = XCBuildConfiguration;
			buildSettings = {
				BUILD_LIBRARY_FOR_DISTRIBUTION = YES;
				CLANG_ENABLE_MODULES = YES;
				CODE_SIGN_STYLE = Automatic;
				CURRENT_PROJECT_VERSION = 1;
				DEFINES_MODULE = YES;
				DYLIB_COMPATIBILITY_VERSION = 1;
				DYLIB_CURRENT_VERSION = 1;
				DYLIB_INSTALL_NAME_BASE = "@rpath";
				GENERATE_INFOPLIST_FILE = YES;
				INFOPLIST_KEY_NSHumanReadableCopyright = "";
				INSTALL_PATH = "$(LOCAL_LIBRARY_DIR)/Frameworks";
				IPHONEOS_DEPLOYMENT_TARGET = 14.0;
				LD_RUNPATH_SEARCH_PATHS = (
					"$(inherited)",
					"@executable_path/Frameworks",
					"@loader_path/Frameworks",
				);
				MARKETING_VERSION = 1.0;
				PRODUCT_BUNDLE_IDENTIFIER = com.app.CRPermissions;
				PRODUCT_NAME = "$(TARGET_NAME:c99extidentifier)";
				SKIP_INSTALL = YES;
				SWIFT_EMIT_LOC_STRINGS = YES;
				SWIFT_VERSION = 5.0;
				TARGETED_DEVICE_FAMILY = "1,2";
			};
			name = Release;
		};
/* End XCBuildConfiguration section */

/* Begin XCConfigurationList section */
		14C7F3B9282911A100950DE0 /* Build configuration list for PBXProject "CRPermissions" */ = {
			isa = XCConfigurationList;
			buildConfigurations = (
				14C7F3C4282911A100950DE0 /* Debug */,
				14C7F3C5282911A100950DE0 /* Release */,
			);
			defaultConfigurationIsVisible = 0;
			defaultConfigurationName = Release;
		};
		14C7F3C6282911A100950DE0 /* Build configuration list for PBXNativeTarget "CRPermissions" */ = {
			isa = XCConfigurationList;
			buildConfigurations = (
				14C7F3C7282911A100950DE0 /* Debug */,
				14C7F3C8282911A100950DE0 /* Release */,
			);
			defaultConfigurationIsVisible = 0;
			defaultConfigurationName = Release;
		};
/* End XCConfigurationList section */
	};
	rootObject = 14C7F3B6282911A100950DE0 /* Project object */;
}
